
Microsoft Visual Studio Solution File, Format Version 12.00
# Visual Studio Version 16
VisualStudioVersion = 16.0.31321.278
MinimumVisualStudioVersion = 10.0.40219.1
Project("{9A19103F-16F7-4668-BE54-9A1E7A4F7556}") = "emt-sdk", "emt-sdk\emt-sdk.csproj", "{F12BD47C-5BA1-4EF8-8882-535E578A1981}"
EndProject
Project("{FAE04EC0-301F-11D3-BF4B-00C04F79EFBC}") = "emt-sdk-test", "emt-sdk-test\emt-sdk-test.csproj", "{B173673C-2856-4948-82BB-480A7EBFE91F}"
EndProject
Global
	GlobalSection(SolutionConfigurationPlatforms) = preSolution
		Debug|Any CPU = Debug|Any CPU
		Release|Any CPU = Release|Any CPU
	EndGlobalSection
	GlobalSection(ProjectConfigurationPlatforms) = postSolution
		{F12BD47C-5BA1-4EF8-8882-535E578A1981}.Debug|Any CPU.ActiveCfg = Debug|Any CPU
		{F12BD47C-5BA1-4EF8-8882-535E578A1981}.Debug|Any CPU.Build.0 = Debug|Any CPU
		{F12BD47C-5BA1-4EF8-8882-535E578A1981}.Release|Any CPU.ActiveCfg = Release|Any CPU
		{F12BD47C-5BA1-4EF8-8882-535E578A1981}.Release|Any CPU.Build.0 = Release|Any CPU
		{B173673C-2856-4948-82BB-480A7EBFE91F}.Debug|Any CPU.ActiveCfg = Debug|Any CPU
		{B173673C-2856-4948-82BB-480A7EBFE91F}.Debug|Any CPU.Build.0 = Debug|Any CPU
		{B173673C-2856-4948-82BB-480A7EBFE91F}.Release|Any CPU.ActiveCfg = Release|Any CPU
		{B173673C-2856-4948-82BB-480A7EBFE91F}.Release|Any CPU.Build.0 = Release|Any CPU
	EndGlobalSection
	GlobalSection(SolutionProperties) = preSolution
		HideSolutionNode = FALSE
	EndGlobalSection
	GlobalSection(ExtensibilityGlobals) = postSolution
		SolutionGuid = {10F5F157-09EF-4EF4-A517-53B5536CE14A}
	EndGlobalSection
EndGlobal
